// !$*UTF8*$!
{
	archiveVersion = 1;
	classes = {
	};
	objectVersion = 50;
	objects = {

/* Begin PBXBuildFile section */
		4D0148E5250FFF6E0025451E /* LoginViewController.swift in Sources */ = {isa = PBXBuildFile; fileRef = 4D0148E4250FFF6E0025451E /* LoginViewController.swift */; };
		4D0148E72512A56C0025451E /* SF-Pro-Text-Semibold.otf in Resources */ = {isa = PBXBuildFile; fileRef = 4D0148E62512A56C0025451E /* SF-Pro-Text-Semibold.otf */; };
		4D037726253E0D2B0004D2C8 /* UserProfileViewController.swift in Sources */ = {isa = PBXBuildFile; fileRef = 4D037725253E0D2B0004D2C8 /* UserProfileViewController.swift */; };
		4D03772A25401EC50004D2C8 /* SeeUserPhotoViewController.swift in Sources */ = {isa = PBXBuildFile; fileRef = 4D03772925401EC50004D2C8 /* SeeUserPhotoViewController.swift */; };
		4D90755125A4FACB007DDCF1 /* EditHoursViewController.swift in Sources */ = {isa = PBXBuildFile; fileRef = 4D90755025A4FACB007DDCF1 /* EditHoursViewController.swift */; };
		4DA151C125967CE10039DE0E /* NewLoginViewController.swift in Sources */ = {isa = PBXBuildFile; fileRef = 4DA151C025967CE10039DE0E /* NewLoginViewController.swift */; };
		4DA151C4259780190039DE0E /* UserModel.swift in Sources */ = {isa = PBXBuildFile; fileRef = 4DA151C3259780190039DE0E /* UserModel.swift */; };
		4DA151DE2598D34D0039DE0E /* TokenModel.swift in Sources */ = {isa = PBXBuildFile; fileRef = 4DA151DD2598D34D0039DE0E /* TokenModel.swift */; };
		4DA7594E252F467D003D113E /* FeedbackViewController.swift in Sources */ = {isa = PBXBuildFile; fileRef = 4DA7594D252F467D003D113E /* FeedbackViewController.swift */; };
		4DA7595225303B35003D113E /* Assets.xcassets in Resources */ = {isa = PBXBuildFile; fileRef = 4DA7595125303B35003D113E /* Assets.xcassets */; };
		4DA759572530BA28003D113E /* Extensions.swift in Sources */ = {isa = PBXBuildFile; fileRef = 4DA759562530BA27003D113E /* Extensions.swift */; };
		4DC6F76D2508ED9200F36588 /* SF-Pro-Display-Bold.otf in Resources */ = {isa = PBXBuildFile; fileRef = 4DC6F76C2508ED9200F36588 /* SF-Pro-Display-Bold.otf */; };
		4DC6F76F2508EDAE00F36588 /* SF-Pro-Text-Regular.otf in Resources */ = {isa = PBXBuildFile; fileRef = 4DC6F76E2508EDAE00F36588 /* SF-Pro-Text-Regular.otf */; };
		4DCB852525027E9C0063066A /* AppDelegate.swift in Sources */ = {isa = PBXBuildFile; fileRef = 4DCB852425027E9C0063066A /* AppDelegate.swift */; };
		4DCB852725027E9C0063066A /* SceneDelegate.swift in Sources */ = {isa = PBXBuildFile; fileRef = 4DCB852625027E9C0063066A /* SceneDelegate.swift */; };
		4DCB852925027E9C0063066A /* RegisterViewController.swift in Sources */ = {isa = PBXBuildFile; fileRef = 4DCB852825027E9C0063066A /* RegisterViewController.swift */; };
		4DCB852C25027E9C0063066A /* Main.storyboard in Resources */ = {isa = PBXBuildFile; fileRef = 4DCB852A25027E9C0063066A /* Main.storyboard */; };
		4DCB853125027EA20063066A /* LaunchScreen.storyboard in Resources */ = {isa = PBXBuildFile; fileRef = 4DCB852F25027EA20063066A /* LaunchScreen.storyboard */; };
/* End PBXBuildFile section */

/* Begin PBXFileReference section */
		4D0148E4250FFF6E0025451E /* LoginViewController.swift */ = {isa = PBXFileReference; lastKnownFileType = sourcecode.swift; path = LoginViewController.swift; sourceTree = "<group>"; };
		4D0148E62512A56C0025451E /* SF-Pro-Text-Semibold.otf */ = {isa = PBXFileReference; lastKnownFileType = file; path = "SF-Pro-Text-Semibold.otf"; sourceTree = "<group>"; };
		4D037725253E0D2B0004D2C8 /* UserProfileViewController.swift */ = {isa = PBXFileReference; lastKnownFileType = sourcecode.swift; path = UserProfileViewController.swift; sourceTree = "<group>"; };
		4D03772925401EC50004D2C8 /* SeeUserPhotoViewController.swift */ = {isa = PBXFileReference; lastKnownFileType = sourcecode.swift; path = SeeUserPhotoViewController.swift; sourceTree = "<group>"; };
		4D90755025A4FACB007DDCF1 /* EditHoursViewController.swift */ = {isa = PBXFileReference; lastKnownFileType = sourcecode.swift; path = EditHoursViewController.swift; sourceTree = "<group>"; };
		4DA151C025967CE10039DE0E /* NewLoginViewController.swift */ = {isa = PBXFileReference; lastKnownFileType = sourcecode.swift; path = NewLoginViewController.swift; sourceTree = "<group>"; };
		4DA151C3259780190039DE0E /* UserModel.swift */ = {isa = PBXFileReference; lastKnownFileType = sourcecode.swift; path = UserModel.swift; sourceTree = "<group>"; };
		4DA151DD2598D34D0039DE0E /* TokenModel.swift */ = {isa = PBXFileReference; lastKnownFileType = sourcecode.swift; path = TokenModel.swift; sourceTree = "<group>"; };
		4DA7594D252F467D003D113E /* FeedbackViewController.swift */ = {isa = PBXFileReference; lastKnownFileType = sourcecode.swift; path = FeedbackViewController.swift; sourceTree = "<group>"; };
		4DA7595125303B35003D113E /* Assets.xcassets */ = {isa = PBXFileReference; lastKnownFileType = folder.assetcatalog; path = Assets.xcassets; sourceTree = "<group>"; };
		4DA759562530BA27003D113E /* Extensions.swift */ = {isa = PBXFileReference; lastKnownFileType = sourcecode.swift; path = Extensions.swift; sourceTree = "<group>"; };
		4DA759872534C3DC003D113E /* SF-Pro-Display-Regular.otf */ = {isa = PBXFileReference; lastKnownFileType = file; path = "SF-Pro-Display-Regular.otf"; sourceTree = "<group>"; };
		4DC6F76C2508ED9200F36588 /* SF-Pro-Display-Bold.otf */ = {isa = PBXFileReference; lastKnownFileType = file; path = "SF-Pro-Display-Bold.otf"; sourceTree = "<group>"; };
		4DC6F76E2508EDAE00F36588 /* SF-Pro-Text-Regular.otf */ = {isa = PBXFileReference; lastKnownFileType = file; path = "SF-Pro-Text-Regular.otf"; sourceTree = "<group>"; };
		4DCB852125027E9C0063066A /* BackToTheOffice.app */ = {isa = PBXFileReference; explicitFileType = wrapper.application; includeInIndex = 0; path = BackToTheOffice.app; sourceTree = BUILT_PRODUCTS_DIR; };
		4DCB852425027E9C0063066A /* AppDelegate.swift */ = {isa = PBXFileReference; lastKnownFileType = sourcecode.swift; path = AppDelegate.swift; sourceTree = "<group>"; };
		4DCB852625027E9C0063066A /* SceneDelegate.swift */ = {isa = PBXFileReference; lastKnownFileType = sourcecode.swift; path = SceneDelegate.swift; sourceTree = "<group>"; };
		4DCB852825027E9C0063066A /* RegisterViewController.swift */ = {isa = PBXFileReference; lastKnownFileType = sourcecode.swift; path = RegisterViewController.swift; sourceTree = "<group>"; };
		4DCB852B25027E9C0063066A /* Base */ = {isa = PBXFileReference; lastKnownFileType = file.storyboard; name = Base; path = Base.lproj/Main.storyboard; sourceTree = "<group>"; };
		4DCB853025027EA20063066A /* Base */ = {isa = PBXFileReference; lastKnownFileType = file.storyboard; name = Base; path = Base.lproj/LaunchScreen.storyboard; sourceTree = "<group>"; };
		4DCB853225027EA20063066A /* Info.plist */ = {isa = PBXFileReference; lastKnownFileType = text.plist.xml; path = Info.plist; sourceTree = "<group>"; };
/* End PBXFileReference section */

/* Begin PBXFrameworksBuildPhase section */
		4DCB851E25027E9C0063066A /* Frameworks */ = {
			isa = PBXFrameworksBuildPhase;
			buildActionMask = 2147483647;
			files = (
			);
			runOnlyForDeploymentPostprocessing = 0;
		};
/* End PBXFrameworksBuildPhase section */

/* Begin PBXGroup section */
		4DA151E02598D3580039DE0E /* Models */ = {
			isa = PBXGroup;
			children = (
				4DA151DD2598D34D0039DE0E /* TokenModel.swift */,
				4DA151C3259780190039DE0E /* UserModel.swift */,
			);
			path = Models;
			sourceTree = "<group>";
		};
		4DA151E12598D37D0039DE0E /* ViewControllers */ = {
			isa = PBXGroup;
			children = (
				4DA7594D252F467D003D113E /* FeedbackViewController.swift */,
				4D037725253E0D2B0004D2C8 /* UserProfileViewController.swift */,
				4D03772925401EC50004D2C8 /* SeeUserPhotoViewController.swift */,
				4DA151C025967CE10039DE0E /* NewLoginViewController.swift */,
				4D0148E4250FFF6E0025451E /* LoginViewController.swift */,
				4DCB852825027E9C0063066A /* RegisterViewController.swift */,
				4D90755025A4FACB007DDCF1 /* EditHoursViewController.swift */,
			);
			path = ViewControllers;
			sourceTree = "<group>";
		};
		4DA151E22598D3A80039DE0E /* CustomFonts */ = {
			isa = PBXGroup;
			children = (
				4DA759872534C3DC003D113E /* SF-Pro-Display-Regular.otf */,
				4DC6F76C2508ED9200F36588 /* SF-Pro-Display-Bold.otf */,
				4DC6F76E2508EDAE00F36588 /* SF-Pro-Text-Regular.otf */,
				4D0148E62512A56C0025451E /* SF-Pro-Text-Semibold.otf */,
			);
			path = CustomFonts;
			sourceTree = "<group>";
		};
		4DCB851825027E9C0063066A = {
			isa = PBXGroup;
			children = (
				4DCB852325027E9C0063066A /* BackToTheOffice */,
				4DCB852225027E9C0063066A /* Products */,
			);
			sourceTree = "<group>";
		};
		4DCB852225027E9C0063066A /* Products */ = {
			isa = PBXGroup;
			children = (
				4DCB852125027E9C0063066A /* BackToTheOffice.app */,
			);
			name = Products;
			sourceTree = "<group>";
		};
		4DCB852325027E9C0063066A /* BackToTheOffice */ = {
			isa = PBXGroup;
			children = (
				4DCB852425027E9C0063066A /* AppDelegate.swift */,
				4DCB852625027E9C0063066A /* SceneDelegate.swift */,
				4DA151E12598D37D0039DE0E /* ViewControllers */,
				4DA151E02598D3580039DE0E /* Models */,
				4DA759562530BA27003D113E /* Extensions.swift */,
				4DCB852A25027E9C0063066A /* Main.storyboard */,
				4DCB852F25027EA20063066A /* LaunchScreen.storyboard */,
				4DA7595125303B35003D113E /* Assets.xcassets */,
				4DCB853225027EA20063066A /* Info.plist */,
				4DA151E22598D3A80039DE0E /* CustomFonts */,
			);
			path = BackToTheOffice;
			sourceTree = "<group>";
		};
/* End PBXGroup section */

/* Begin PBXNativeTarget section */
		4DCB852025027E9C0063066A /* BackToTheOffice */ = {
			isa = PBXNativeTarget;
			buildConfigurationList = 4DCB853525027EA20063066A /* Build configuration list for PBXNativeTarget "BackToTheOffice" */;
			buildPhases = (
				4DCB851D25027E9C0063066A /* Sources */,
				4DCB851E25027E9C0063066A /* Frameworks */,
				4DCB851F25027E9C0063066A /* Resources */,
			);
			buildRules = (
			);
			dependencies = (
			);
			name = BackToTheOffice;
			productName = BackToTheOffice;
			productReference = 4DCB852125027E9C0063066A /* BackToTheOffice.app */;
			productType = "com.apple.product-type.application";
		};
/* End PBXNativeTarget section */

/* Begin PBXProject section */
		4DCB851925027E9C0063066A /* Project object */ = {
			isa = PBXProject;
			attributes = {
				LastSwiftUpdateCheck = 1140;
				LastUpgradeCheck = 1200;
				ORGANIZATIONNAME = "Roman Egorov";
				TargetAttributes = {
					4DCB852025027E9C0063066A = {
						CreatedOnToolsVersion = 11.4;
					};
				};
			};
			buildConfigurationList = 4DCB851C25027E9C0063066A /* Build configuration list for PBXProject "BackToTheOffice" */;
			compatibilityVersion = "Xcode 9.3";
			developmentRegion = en;
			hasScannedForEncodings = 0;
			knownRegions = (
				en,
				Base,
			);
			mainGroup = 4DCB851825027E9C0063066A;
			productRefGroup = 4DCB852225027E9C0063066A /* Products */;
			projectDirPath = "";
			projectRoot = "";
			targets = (
				4DCB852025027E9C0063066A /* BackToTheOffice */,
			);
		};
/* End PBXProject section */

/* Begin PBXResourcesBuildPhase section */
		4DCB851F25027E9C0063066A /* Resources */ = {
			isa = PBXResourcesBuildPhase;
			buildActionMask = 2147483647;
			files = (
				4D0148E72512A56C0025451E /* SF-Pro-Text-Semibold.otf in Resources */,
				4DCB853125027EA20063066A /* LaunchScreen.storyboard in Resources */,
				4DC6F76F2508EDAE00F36588 /* SF-Pro-Text-Regular.otf in Resources */,
				4DC6F76D2508ED9200F36588 /* SF-Pro-Display-Bold.otf in Resources */,
				4DA7595225303B35003D113E /* Assets.xcassets in Resources */,
				4DCB852C25027E9C0063066A /* Main.storyboard in Resources */,
			);
			runOnlyForDeploymentPostprocessing = 0;
		};
/* End PBXResourcesBuildPhase section */

/* Begin PBXSourcesBuildPhase section */
		4DCB851D25027E9C0063066A /* Sources */ = {
			isa = PBXSourcesBuildPhase;
			buildActionMask = 2147483647;
			files = (
				4D03772A25401EC50004D2C8 /* SeeUserPhotoViewController.swift in Sources */,
				4DA151DE2598D34D0039DE0E /* TokenModel.swift in Sources */,
				4D0148E5250FFF6E0025451E /* LoginViewController.swift in Sources */,
				4DA151C125967CE10039DE0E /* NewLoginViewController.swift in Sources */,
				4DA7594E252F467D003D113E /* FeedbackViewController.swift in Sources */,
				4D037726253E0D2B0004D2C8 /* UserProfileViewController.swift in Sources */,
				4D90755125A4FACB007DDCF1 /* EditHoursViewController.swift in Sources */,
				4DCB852925027E9C0063066A /* RegisterViewController.swift in Sources */,
				4DCB852525027E9C0063066A /* AppDelegate.swift in Sources */,
				4DCB852725027E9C0063066A /* SceneDelegate.swift in Sources */,
				4DA151C4259780190039DE0E /* UserModel.swift in Sources */,
				4DA759572530BA28003D113E /* Extensions.swift in Sources */,
			);
			runOnlyForDeploymentPostprocessing = 0;
		};
/* End PBXSourcesBuildPhase section */

/* Begin PBXVariantGroup section */
		4DCB852A25027E9C0063066A /* Main.storyboard */ = {
			isa = PBXVariantGroup;
			children = (
				4DCB852B25027E9C0063066A /* Base */,
			);
			name = Main.storyboard;
			sourceTree = "<group>";
		};
		4DCB852F25027EA20063066A /* LaunchScreen.storyboard */ = {
			isa = PBXVariantGroup;
			children = (
				4DCB853025027EA20063066A /* Base */,
			);
			name = LaunchScreen.storyboard;
			sourceTree = "<group>";
		};
/* End PBXVariantGroup section */

/* Begin XCBuildConfiguration section */
		4DCB853325027EA20063066A /* Debug */ = {
			isa = XCBuildConfiguration;
			buildSettings = {
				ALWAYS_SEARCH_USER_PATHS = NO;
				CLANG_ANALYZER_NONNULL = YES;
				CLANG_ANALYZER_NUMBER_OBJECT_CONVERSION = YES_AGGRESSIVE;
				CLANG_CXX_LANGUAGE_STANDARD = "gnu++14";
				CLANG_CXX_LIBRARY = "libc++";
				CLANG_ENABLE_MODULES = YES;
				CLANG_ENABLE_OBJC_ARC = YES;
				CLANG_ENABLE_OBJC_WEAK = YES;
				CLANG_WARN_BLOCK_CAPTURE_AUTORELEASING = YES;
				CLANG_WARN_BOOL_CONVERSION = YES;
				CLANG_WARN_COMMA = YES;
				CLANG_WARN_CONSTANT_CONVERSION = YES;
				CLANG_WARN_DEPRECATED_OBJC_IMPLEMENTATIONS = YES;
				CLANG_WARN_DIRECT_OBJC_ISA_USAGE = YES_ERROR;
				CLANG_WARN_DOCUMENTATION_COMMENTS = YES;
				CLANG_WARN_EMPTY_BODY = YES;
				CLANG_WARN_ENUM_CONVERSION = YES;
				CLANG_WARN_INFINITE_RECURSION = YES;
				CLANG_WARN_INT_CONVERSION = YES;
				CLANG_WARN_NON_LITERAL_NULL_CONVERSION = YES;
				CLANG_WARN_OBJC_IMPLICIT_RETAIN_SELF = YES;
				CLANG_WARN_OBJC_LITERAL_CONVERSION = YES;
				CLANG_WARN_OBJC_ROOT_CLASS = YES_ERROR;
				CLANG_WARN_QUOTED_INCLUDE_IN_FRAMEWORK_HEADER = YES;
				CLANG_WARN_RANGE_LOOP_ANALYSIS = YES;
				CLANG_WARN_STRICT_PROTOTYPES = YES;
				CLANG_WARN_SUSPICIOUS_MOVE = YES;
				CLANG_WARN_UNGUARDED_AVAILABILITY = YES_AGGRESSIVE;
				CLANG_WARN_UNREACHABLE_CODE = YES;
				CLANG_WARN__DUPLICATE_METHOD_MATCH = YES;
				COPY_PHASE_STRIP = NO;
				DEBUG_INFORMATION_FORMAT = dwarf;
				ENABLE_STRICT_OBJC_MSGSEND = YES;
				ENABLE_TESTABILITY = YES;
				GCC_C_LANGUAGE_STANDARD = gnu11;
				GCC_DYNAMIC_NO_PIC = NO;
				GCC_NO_COMMON_BLOCKS = YES;
				GCC_OPTIMIZATION_LEVEL = 0;
				GCC_PREPROCESSOR_DEFINITIONS = (
					"DEBUG=1",
					"$(inherited)",
				);
				GCC_WARN_64_TO_32_BIT_CONVERSION = YES;
				GCC_WARN_ABOUT_RETURN_TYPE = YES_ERROR;
				GCC_WARN_UNDECLARED_SELECTOR = YES;
				GCC_WARN_UNINITIALIZED_AUTOS = YES_AGGRESSIVE;
				GCC_WARN_UNUSED_FUNCTION = YES;
				GCC_WARN_UNUSED_VARIABLE = YES;
				IPHONEOS_DEPLOYMENT_TARGET = 13.4;
				MTL_ENABLE_DEBUG_INFO = INCLUDE_SOURCE;
				MTL_FAST_MATH = YES;
				ONLY_ACTIVE_ARCH = YES;
				SDKROOT = iphoneos;
				SWIFT_ACTIVE_COMPILATION_CONDITIONS = DEBUG;
				SWIFT_OPTIMIZATION_LEVEL = "-Onone";
			};
			name = Debug;
		};
		4DCB853425027EA20063066A /* Release */ = {
			isa = XCBuildConfiguration;
			buildSettings = {
				ALWAYS_SEARCH_USER_PATHS = NO;
				CLANG_ANALYZER_NONNULL = YES;
				CLANG_ANALYZER_NUMBER_OBJECT_CONVERSION = YES_AGGRESSIVE;
				CLANG_CXX_LANGUAGE_STANDARD = "gnu++14";
				CLANG_CXX_LIBRARY = "libc++";
				CLANG_ENABLE_MODULES = YES;
				CLANG_ENABLE_OBJC_ARC = YES;
				CLANG_ENABLE_OBJC_WEAK = YES;
				CLANG_WARN_BLOCK_CAPTURE_AUTORELEASING = YES;
				CLANG_WARN_BOOL_CONVERSION = YES;
				CLANG_WARN_COMMA = YES;
				CLANG_WARN_CONSTANT_CONVERSION = YES;
				CLANG_WARN_DEPRECATED_OBJC_IMPLEMENTATIONS = YES;
				CLANG_WARN_DIRECT_OBJC_ISA_USAGE = YES_ERROR;
				CLANG_WARN_DOCUMENTATION_COMMENTS = YES;
				CLANG_WARN_EMPTY_BODY = YES;
				CLANG_WARN_ENUM_CONVERSION = YES;
				CLANG_WARN_INFINITE_RECURSION = YES;
				CLANG_WARN_INT_CONVERSION = YES;
				CLANG_WARN_NON_LITERAL_NULL_CONVERSION = YES;
				CLANG_WARN_OBJC_IMPLICIT_RETAIN_SELF = YES;
				CLANG_WARN_OBJC_LITERAL_CONVERSION = YES;
				CLANG_WARN_OBJC_ROOT_CLASS = YES_ERROR;
				CLANG_WARN_QUOTED_INCLUDE_IN_FRAMEWORK_HEADER = YES;
				CLANG_WARN_RANGE_LOOP_ANALYSIS = YES;
				CLANG_WARN_STRICT_PROTOTYPES = YES;
				CLANG_WARN_SUSPICIOUS_MOVE = YES;
				CLANG_WARN_UNGUARDED_AVAILABILITY = YES_AGGRESSIVE;
				CLANG_WARN_UNREACHABLE_CODE = YES;
				CLANG_WARN__DUPLICATE_METHOD_MATCH = YES;
				COPY_PHASE_STRIP = NO;
				DEBUG_INFORMATION_FORMAT = "dwarf-with-dsym";
				ENABLE_NS_ASSERTIONS = NO;
				ENABLE_STRICT_OBJC_MSGSEND = YES;
				GCC_C_LANGUAGE_STANDARD = gnu11;
				GCC_NO_COMMON_BLOCKS = YES;
				GCC_WARN_64_TO_32_BIT_CONVERSION = YES;
				GCC_WARN_ABOUT_RETURN_TYPE = YES_ERROR;
				GCC_WARN_UNDECLARED_SELECTOR = YES;
				GCC_WARN_UNINITIALIZED_AUTOS = YES_AGGRESSIVE;
				GCC_WARN_UNUSED_FUNCTION = YES;
				GCC_WARN_UNUSED_VARIABLE = YES;
				IPHONEOS_DEPLOYMENT_TARGET = 13.4;
				MTL_ENABLE_DEBUG_INFO = NO;
				MTL_FAST_MATH = YES;
				SDKROOT = iphoneos;
				SWIFT_COMPILATION_MODE = wholemodule;
				SWIFT_OPTIMIZATION_LEVEL = "-O";
				VALIDATE_PRODUCT = YES;
			};
			name = Release;
		};
		4DCB853625027EA20063066A /* Debug */ = {
			isa = XCBuildConfiguration;
			buildSettings = {
				ASSETCATALOG_COMPILER_APPICON_NAME = AppIcon;
				CODE_SIGN_STYLE = Automatic;
				DEVELOPMENT_TEAM = 2UNRNTVQBV;
				INFOPLIST_FILE = BackToTheOffice/Info.plist;
				IPHONEOS_DEPLOYMENT_TARGET = 14.0;
				LD_RUNPATH_SEARCH_PATHS = (
					"$(inherited)",
					"@executable_path/Frameworks",
				);
				PRODUCT_BUNDLE_IDENTIFIER = ru.procorporate.BackToTheOffice;
				PRODUCT_NAME = "$(TARGET_NAME)";
				SWIFT_VERSION = 5.0;
				TARGETED_DEVICE_FAMILY = 1;
			};
			name = Debug;
		};
		4DCB853725027EA20063066A /* Release */ = {
			isa = XCBuildConfiguration;
			buildSettings = {
				ASSETCATALOG_COMPILER_APPICON_NAME = AppIcon;
				CODE_SIGN_STYLE = Automatic;
				DEVELOPMENT_TEAM = 2UNRNTVQBV;
				INFOPLIST_FILE = BackToTheOffice/Info.plist;
				IPHONEOS_DEPLOYMENT_TARGET = 14.0;
				LD_RUNPATH_SEARCH_PATHS = (
					"$(inherited)",
					"@executable_path/Frameworks",
				);
				PRODUCT_BUNDLE_IDENTIFIER = ru.procorporate.BackToTheOffice;
				PRODUCT_NAME = "$(TARGET_NAME)";
				SWIFT_VERSION = 5.0;
				TARGETED_DEVICE_FAMILY = 1;
			};
			name = Release;
		};
/* End XCBuildConfiguration section */

/* Begin XCConfigurationList section */
		4DCB851C25027E9C0063066A /* Build configuration list for PBXProject "BackToTheOffice" */ = {
			isa = XCConfigurationList;
			buildConfigurations = (
				4DCB853325027EA20063066A /* Debug */,
				4DCB853425027EA20063066A /* Release */,
			);
			defaultConfigurationIsVisible = 0;
			defaultConfigurationName = Release;
		};
		4DCB853525027EA20063066A /* Build configuration list for PBXNativeTarget "BackToTheOffice" */ = {
			isa = XCConfigurationList;
			buildConfigurations = (
				4DCB853625027EA20063066A /* Debug */,
				4DCB853725027EA20063066A /* Release */,
			);
			defaultConfigurationIsVisible = 0;
			defaultConfigurationName = Release;
		};
/* End XCConfigurationList section */
	};
	rootObject = 4DCB851925027E9C0063066A /* Project object */;
}
